
Microsoft Visual Studio Solution File, Format Version 12.00
# Visual Studio Version 16
VisualStudioVersion = 16.0.31729.503
MinimumVisualStudioVersion = 10.0.40219.1
Project("{FAE04EC0-301F-11D3-BF4B-00C04F79EFBC}") = "IoT-Hotspot", "IoT-Hotspot\IoT-Hotspot.csproj", "{4B55D902-0A8E-4A82-BABA-0293D057F5D6}"
EndProject
Global
	GlobalSection(SolutionConfigurationPlatforms) = preSolution
		Debug|Any CPU = Debug|Any CPU
		Release|Any CPU = Release|Any CPU
	EndGlobalSection
	GlobalSection(ProjectConfigurationPlatforms) = postSolution
		{4B55D902-0A8E-4A82-BABA-0293D057F5D6}.Debug|Any CPU.ActiveCfg = Debug|Any CPU
		{4B55D902-0A8E-4A82-BABA-0293D057F5D6}.Debug|Any CPU.Build.0 = Debug|Any CPU
		{4B55D902-0A8E-4A82-BABA-0293D057F5D6}.Release|Any CPU.ActiveCfg = Release|Any CPU
		{4B55D902-0A8E-4A82-BABA-0293D057F5D6}.Release|Any CPU.Build.0 = Release|Any CPU
	EndGlobalSection
	GlobalSection(SolutionProperties) = preSolution
		HideSolutionNode = FALSE
	EndGlobalSection
	GlobalSection(ExtensibilityGlobals) = postSolution
		SolutionGuid = {8417DAA8-10A7-41B9-84A7-EFC3737118C4}
	EndGlobalSection
EndGlobal
